
Microsoft Visual Studio Solution File, Format Version 12.00
# Visual Studio Version 17
VisualStudioVersion = 17.13.35931.197 d17.13
MinimumVisualStudioVersion = 10.0.40219.1
Project("{FAE04EC0-301F-11D3-BF4B-00C04F79EFBC}") = "OCR_Capture", "OCR_Capture\OCR_Capture.csproj", "{568FCAE3-8C09-41F0-B163-5EBD249A4DB9}"
EndProject
Global
	GlobalSection(SolutionConfigurationPlatforms) = preSolution
		Debug|Any CPU = Debug|Any CPU
		Release|Any CPU = Release|Any CPU
	EndGlobalSection
	GlobalSection(ProjectConfigurationPlatforms) = postSolution
		{568FCAE3-8C09-41F0-B163-5EBD249A4DB9}.Debug|Any CPU.ActiveCfg = Debug|Any CPU
		{568FCAE3-8C09-41F0-B163-5EBD249A4DB9}.Debug|Any CPU.Build.0 = Debug|Any CPU
		{568FCAE3-8C09-41F0-B163-5EBD249A4DB9}.Release|Any CPU.ActiveCfg = Release|Any CPU
		{568FCAE3-8C09-41F0-B163-5EBD249A4DB9}.Release|Any CPU.Build.0 = Release|Any CPU
	EndGlobalSection
	GlobalSection(SolutionProperties) = preSolution
		HideSolutionNode = FALSE
	EndGlobalSection
	GlobalSection(ExtensibilityGlobals) = postSolution
		SolutionGuid = {B006033F-8799-4F66-8CA8-2ABEFEEB39EB}
	EndGlobalSection
EndGlobal
